// !$*UTF8*$!
{
	archiveVersion = 1;
	classes = {
	};
	objectVersion = 56;
	objects = {

/* Begin PBXBuildFile section */
		3057B77939A395C23697CA19 /* Pods_General.framework in Frameworks */ = {isa = PBXBuildFile; fileRef = 47613E95CCD1C408F1BB5C1F /* Pods_General.framework */; };
		D60C59D92BA1F9EC0051DB44 /* Regex.swift in Sources */ = {isa = PBXBuildFile; fileRef = D60C59D82BA1F9EC0051DB44 /* Regex.swift */; };
		D60C59E32BA20FE10051DB44 /* NFCTypeNameFormat.swift in Sources */ = {isa = PBXBuildFile; fileRef = D60C59E22BA20FE10051DB44 /* NFCTypeNameFormat.swift */; };
		D65C20F42BA18F51004E3316 /* KMeans.swift in Sources */ = {isa = PBXBuildFile; fileRef = D65C20F32BA18F51004E3316 /* KMeans.swift */; };
		D65C20F62BA18FC9004E3316 /* Constant.swift in Sources */ = {isa = PBXBuildFile; fileRef = D65C20F52BA18FC9004E3316 /* Constant.swift */; };
		D65C20FF2BA192FE004E3316 /* FaceNet.swift in Sources */ = {isa = PBXBuildFile; fileRef = D65C20FE2BA192FE004E3316 /* FaceNet.swift */; };
		D65C21022BA193C3004E3316 /* UIInterfaceOrientation.swift in Sources */ = {isa = PBXBuildFile; fileRef = D65C21012BA193C3004E3316 /* UIInterfaceOrientation.swift */; };
		D65C21082BA196B5004E3316 /* Student.swift in Sources */ = {isa = PBXBuildFile; fileRef = D65C21072BA196B5004E3316 /* Student.swift */; };
		D65C210A2BA19733004E3316 /* Reachability.swift in Sources */ = {isa = PBXBuildFile; fileRef = D65C21092BA19733004E3316 /* Reachability.swift */; };
		D65C210C2BA1974B004E3316 /* Directory.swift in Sources */ = {isa = PBXBuildFile; fileRef = D65C210B2BA1974B004E3316 /* Directory.swift */; };
		D65C210E2BA19862004E3316 /* Firebase.swift in Sources */ = {isa = PBXBuildFile; fileRef = D65C210D2BA19862004E3316 /* Firebase.swift */; };
		D65C21102BA1988C004E3316 /* Vector.swift in Sources */ = {isa = PBXBuildFile; fileRef = D65C210F2BA1988C004E3316 /* Vector.swift */; };
		D65C21142BA198EE004E3316 /* Frame.swift in Sources */ = {isa = PBXBuildFile; fileRef = D65C21132BA198EE004E3316 /* Frame.swift */; };
		D65C21162BA198EE004E3316 /* Realm.swift in Sources */ = {isa = PBXBuildFile; fileRef = D65C21122BA198EE004E3316 /* Realm.swift */; };
		D68290F82BA0BCA200A40514 /* Array.swift in Sources */ = {isa = PBXBuildFile; fileRef = D682908D2BA0B77400A40514 /* Array.swift */; };
		D68290F92BA0BCA200A40514 /* CGImage.swift in Sources */ = {isa = PBXBuildFile; fileRef = D682908E2BA0B77400A40514 /* CGImage.swift */; };
		D68290FA2BA0BCA200A40514 /* CIImage.swift in Sources */ = {isa = PBXBuildFile; fileRef = D682908F2BA0B77400A40514 /* CIImage.swift */; };
		D68290FB2BA0BCA200A40514 /* Date.swift in Sources */ = {isa = PBXBuildFile; fileRef = D68290902BA0B77400A40514 /* Date.swift */; };
		D68290FC2BA0BCA200A40514 /* DateFormatter.swift in Sources */ = {isa = PBXBuildFile; fileRef = D68290912BA0B77400A40514 /* DateFormatter.swift */; };
		D68290FD2BA0BCA200A40514 /* Int.swift in Sources */ = {isa = PBXBuildFile; fileRef = D68290922BA0B77400A40514 /* Int.swift */; };
		D68290FE2BA0BCA200A40514 /* Sequence.swift in Sources */ = {isa = PBXBuildFile; fileRef = D68290932BA0B77400A40514 /* Sequence.swift */; };
		D68290FF2BA0BCA200A40514 /* String.swift in Sources */ = {isa = PBXBuildFile; fileRef = D68290942BA0B77400A40514 /* String.swift */; };
		D68291002BA0BCA200A40514 /* UIDeviceOrientation.swift in Sources */ = {isa = PBXBuildFile; fileRef = D68290952BA0B77400A40514 /* UIDeviceOrientation.swift */; };
		D68291012BA0BCA200A40514 /* UIImage.swift in Sources */ = {isa = PBXBuildFile; fileRef = D68290962BA0B77400A40514 /* UIImage.swift */; };
		D68291022BA0BCA200A40514 /* UIView.swift in Sources */ = {isa = PBXBuildFile; fileRef = D68290972BA0B77400A40514 /* UIView.swift */; };
		D68291032BA0BCA200A40514 /* UIViewController.swift in Sources */ = {isa = PBXBuildFile; fileRef = D68290982BA0B77400A40514 /* UIViewController.swift */; };
		D68291042BA0BCA200A40514 /* UserDefaults.swift in Sources */ = {isa = PBXBuildFile; fileRef = D68290992BA0B77400A40514 /* UserDefaults.swift */; };
		D699DF9B2BA573670016729E /* UISearchBar.swift in Sources */ = {isa = PBXBuildFile; fileRef = D699DF9A2BA573670016729E /* UISearchBar.swift */; };
		D6CEDDA62BA235B0008A91CA /* CircularProgressView.swift in Sources */ = {isa = PBXBuildFile; fileRef = D6CEDDA52BA235B0008A91CA /* CircularProgressView.swift */; };
		D6DDF3E62BA0BE4700816EBE /* UIWindow.swift in Sources */ = {isa = PBXBuildFile; fileRef = D6DDF3E52BA0BE4700816EBE /* UIWindow.swift */; };
		D6DDF3FA2BA0CD2500816EBE /* Bridging-Header.h in Sources */ = {isa = PBXBuildFile; fileRef = D6DDF3E72BA0C0BA00816EBE /* Bridging-Header.h */; };
/* End PBXBuildFile section */

/* Begin PBXCopyFilesBuildPhase section */
		D68290E82BA0BC4A00A40514 /* CopyFiles */ = {
			isa = PBXCopyFilesBuildPhase;
			buildActionMask = 2147483647;
			dstPath = "include/$(PRODUCT_NAME)";
			dstSubfolderSpec = 16;
			files = (
			);
			runOnlyForDeploymentPostprocessing = 0;
		};
/* End PBXCopyFilesBuildPhase section */

/* Begin PBXFileReference section */
		03BD0793F9F02D4DE3FD849D /* Pods-General.release.xcconfig */ = {isa = PBXFileReference; includeInIndex = 1; lastKnownFileType = text.xcconfig; name = "Pods-General.release.xcconfig"; path = "Target Support Files/Pods-General/Pods-General.release.xcconfig"; sourceTree = "<group>"; };
		31BECCE77CCBAAE75BC5B3FB /* Pods-General.debug.xcconfig */ = {isa = PBXFileReference; includeInIndex = 1; lastKnownFileType = text.xcconfig; name = "Pods-General.debug.xcconfig"; path = "Target Support Files/Pods-General/Pods-General.debug.xcconfig"; sourceTree = "<group>"; };
		47613E95CCD1C408F1BB5C1F /* Pods_General.framework */ = {isa = PBXFileReference; explicitFileType = wrapper.framework; includeInIndex = 0; path = Pods_General.framework; sourceTree = BUILT_PRODUCTS_DIR; };
		D60C59D82BA1F9EC0051DB44 /* Regex.swift */ = {isa = PBXFileReference; lastKnownFileType = sourcecode.swift; path = Regex.swift; sourceTree = "<group>"; };
		D60C59E22BA20FE10051DB44 /* NFCTypeNameFormat.swift */ = {isa = PBXFileReference; lastKnownFileType = sourcecode.swift; path = NFCTypeNameFormat.swift; sourceTree = "<group>"; };
		D65C20EE2BA18D56004E3316 /* tfWrap.h */ = {isa = PBXFileReference; fileEncoding = 4; lastKnownFileType = sourcecode.c.h; path = tfWrap.h; sourceTree = "<group>"; };
		D65C20F32BA18F51004E3316 /* KMeans.swift */ = {isa = PBXFileReference; fileEncoding = 4; lastKnownFileType = sourcecode.swift; path = KMeans.swift; sourceTree = "<group>"; };
		D65C20F52BA18FC9004E3316 /* Constant.swift */ = {isa = PBXFileReference; fileEncoding = 4; lastKnownFileType = sourcecode.swift; path = Constant.swift; sourceTree = "<group>"; };
		D65C20FE2BA192FE004E3316 /* FaceNet.swift */ = {isa = PBXFileReference; fileEncoding = 4; lastKnownFileType = sourcecode.swift; path = FaceNet.swift; sourceTree = "<group>"; };
		D65C21012BA193C3004E3316 /* UIInterfaceOrientation.swift */ = {isa = PBXFileReference; lastKnownFileType = sourcecode.swift; path = UIInterfaceOrientation.swift; sourceTree = "<group>"; };
		D65C21072BA196B5004E3316 /* Student.swift */ = {isa = PBXFileReference; fileEncoding = 4; lastKnownFileType = sourcecode.swift; path = Student.swift; sourceTree = "<group>"; };
		D65C21092BA19733004E3316 /* Reachability.swift */ = {isa = PBXFileReference; fileEncoding = 4; lastKnownFileType = sourcecode.swift; path = Reachability.swift; sourceTree = "<group>"; };
		D65C210B2BA1974B004E3316 /* Directory.swift */ = {isa = PBXFileReference; fileEncoding = 4; lastKnownFileType = sourcecode.swift; path = Directory.swift; sourceTree = "<group>"; };
		D65C210D2BA19862004E3316 /* Firebase.swift */ = {isa = PBXFileReference; fileEncoding = 4; lastKnownFileType = sourcecode.swift; path = Firebase.swift; sourceTree = "<group>"; };
		D65C210F2BA1988C004E3316 /* Vector.swift */ = {isa = PBXFileReference; fileEncoding = 4; lastKnownFileType = sourcecode.swift; path = Vector.swift; sourceTree = "<group>"; };
		D65C21122BA198EE004E3316 /* Realm.swift */ = {isa = PBXFileReference; fileEncoding = 4; lastKnownFileType = sourcecode.swift; path = Realm.swift; sourceTree = "<group>"; };
		D65C21132BA198EE004E3316 /* Frame.swift */ = {isa = PBXFileReference; fileEncoding = 4; lastKnownFileType = sourcecode.swift; path = Frame.swift; sourceTree = "<group>"; };
		D6828FE32BA0B6D200A40514 /* General.xcdatamodel */ = {isa = PBXFileReference; lastKnownFileType = wrapper.xcdatamodel; path = General.xcdatamodel; sourceTree = "<group>"; };
		D6828FEA2BA0B6D300A40514 /* Info.plist */ = {isa = PBXFileReference; lastKnownFileType = text.plist.xml; path = Info.plist; sourceTree = "<group>"; };
		D682908D2BA0B77400A40514 /* Array.swift */ = {isa = PBXFileReference; fileEncoding = 4; lastKnownFileType = sourcecode.swift; path = Array.swift; sourceTree = "<group>"; };
		D682908E2BA0B77400A40514 /* CGImage.swift */ = {isa = PBXFileReference; fileEncoding = 4; lastKnownFileType = sourcecode.swift; path = CGImage.swift; sourceTree = "<group>"; };
		D682908F2BA0B77400A40514 /* CIImage.swift */ = {isa = PBXFileReference; fileEncoding = 4; lastKnownFileType = sourcecode.swift; path = CIImage.swift; sourceTree = "<group>"; };
		D68290902BA0B77400A40514 /* Date.swift */ = {isa = PBXFileReference; fileEncoding = 4; lastKnownFileType = sourcecode.swift; path = Date.swift; sourceTree = "<group>"; };
		D68290912BA0B77400A40514 /* DateFormatter.swift */ = {isa = PBXFileReference; fileEncoding = 4; lastKnownFileType = sourcecode.swift; path = DateFormatter.swift; sourceTree = "<group>"; };
		D68290922BA0B77400A40514 /* Int.swift */ = {isa = PBXFileReference; fileEncoding = 4; lastKnownFileType = sourcecode.swift; path = Int.swift; sourceTree = "<group>"; };
		D68290932BA0B77400A40514 /* Sequence.swift */ = {isa = PBXFileReference; fileEncoding = 4; lastKnownFileType = sourcecode.swift; path = Sequence.swift; sourceTree = "<group>"; };
		D68290942BA0B77400A40514 /* String.swift */ = {isa = PBXFileReference; fileEncoding = 4; lastKnownFileType = sourcecode.swift; path = String.swift; sourceTree = "<group>"; };
		D68290952BA0B77400A40514 /* UIDeviceOrientation.swift */ = {isa = PBXFileReference; fileEncoding = 4; lastKnownFileType = sourcecode.swift; path = UIDeviceOrientation.swift; sourceTree = "<group>"; };
		D68290962BA0B77400A40514 /* UIImage.swift */ = {isa = PBXFileReference; fileEncoding = 4; lastKnownFileType = sourcecode.swift; path = UIImage.swift; sourceTree = "<group>"; };
		D68290972BA0B77400A40514 /* UIView.swift */ = {isa = PBXFileReference; fileEncoding = 4; lastKnownFileType = sourcecode.swift; path = UIView.swift; sourceTree = "<group>"; };
		D68290982BA0B77400A40514 /* UIViewController.swift */ = {isa = PBXFileReference; fileEncoding = 4; lastKnownFileType = sourcecode.swift; path = UIViewController.swift; sourceTree = "<group>"; };
		D68290992BA0B77400A40514 /* UserDefaults.swift */ = {isa = PBXFileReference; fileEncoding = 4; lastKnownFileType = sourcecode.swift; path = UserDefaults.swift; sourceTree = "<group>"; };
		D68290EA2BA0BC4A00A40514 /* libGeneral.a */ = {isa = PBXFileReference; explicitFileType = archive.ar; includeInIndex = 0; path = libGeneral.a; sourceTree = BUILT_PRODUCTS_DIR; };
		D699DF9A2BA573670016729E /* UISearchBar.swift */ = {isa = PBXFileReference; lastKnownFileType = sourcecode.swift; path = UISearchBar.swift; sourceTree = "<group>"; };
		D6CEDDA52BA235B0008A91CA /* CircularProgressView.swift */ = {isa = PBXFileReference; lastKnownFileType = sourcecode.swift; path = CircularProgressView.swift; sourceTree = "<group>"; };
		D6DDF3E52BA0BE4700816EBE /* UIWindow.swift */ = {isa = PBXFileReference; lastKnownFileType = sourcecode.swift; path = UIWindow.swift; sourceTree = "<group>"; };
		D6DDF3E72BA0C0BA00816EBE /* Bridging-Header.h */ = {isa = PBXFileReference; fileEncoding = 4; lastKnownFileType = sourcecode.c.h; path = "Bridging-Header.h"; sourceTree = "<group>"; };
/* End PBXFileReference section */

/* Begin PBXFrameworksBuildPhase section */
		D68290E72BA0BC4A00A40514 /* Frameworks */ = {
			isa = PBXFrameworksBuildPhase;
			buildActionMask = 2147483647;
			files = (
				3057B77939A395C23697CA19 /* Pods_General.framework in Frameworks */,
			);
			runOnlyForDeploymentPostprocessing = 0;
		};
/* End PBXFrameworksBuildPhase section */

/* Begin PBXGroup section */
		26767ECCE5FAFF49C4814126 /* Pods */ = {
			isa = PBXGroup;
			children = (
				31BECCE77CCBAAE75BC5B3FB /* Pods-General.debug.xcconfig */,
				03BD0793F9F02D4DE3FD849D /* Pods-General.release.xcconfig */,
			);
			path = Pods;
			sourceTree = "<group>";
		};
		5921D462F637B90A7437417C /* Frameworks */ = {
			isa = PBXGroup;
			children = (
				47613E95CCD1C408F1BB5C1F /* Pods_General.framework */,
			);
			name = Frameworks;
			sourceTree = "<group>";
		};
		D65C21172BA19ABD004E3316 /* Extensions */ = {
			isa = PBXGroup;
			children = (
				D68290922BA0B77400A40514 /* Int.swift */,
				D68290942BA0B77400A40514 /* String.swift */,
				D682908D2BA0B77400A40514 /* Array.swift */,
				D68290932BA0B77400A40514 /* Sequence.swift */,
				D68290902BA0B77400A40514 /* Date.swift */,
				D68290912BA0B77400A40514 /* DateFormatter.swift */,
				D68290992BA0B77400A40514 /* UserDefaults.swift */,
				D682908E2BA0B77400A40514 /* CGImage.swift */,
				D682908F2BA0B77400A40514 /* CIImage.swift */,
				D68290962BA0B77400A40514 /* UIImage.swift */,
				D6DDF3E52BA0BE4700816EBE /* UIWindow.swift */,
				D68290972BA0B77400A40514 /* UIView.swift */,
				D68290982BA0B77400A40514 /* UIViewController.swift */,
				D68290952BA0B77400A40514 /* UIDeviceOrientation.swift */,
				D65C21012BA193C3004E3316 /* UIInterfaceOrientation.swift */,
				D699DF9A2BA573670016729E /* UISearchBar.swift */,
				D60C59E22BA20FE10051DB44 /* NFCTypeNameFormat.swift */,
			);
			path = Extensions;
			sourceTree = "<group>";
		};
		D65C21182BA19AD1004E3316 /* Utilities */ = {
			isa = PBXGroup;
			children = (
				D65C20F32BA18F51004E3316 /* KMeans.swift */,
				D65C20FE2BA192FE004E3316 /* FaceNet.swift */,
				D65C210D2BA19862004E3316 /* Firebase.swift */,
				D65C21092BA19733004E3316 /* Reachability.swift */,
			);
			path = Utilities;
			sourceTree = "<group>";
		};
		D65C21192BA19AF5004E3316 /* Objects */ = {
			isa = PBXGroup;
			children = (
				D65C21072BA196B5004E3316 /* Student.swift */,
				D65C21132BA198EE004E3316 /* Frame.swift */,
				D65C210F2BA1988C004E3316 /* Vector.swift */,
				D65C20F52BA18FC9004E3316 /* Constant.swift */,
				D60C59D82BA1F9EC0051DB44 /* Regex.swift */,
			);
			path = Objects;
			sourceTree = "<group>";
		};
		D65C211A2BA19B14004E3316 /* Storage */ = {
			isa = PBXGroup;
			children = (
				D65C21122BA198EE004E3316 /* Realm.swift */,
				D65C210B2BA1974B004E3316 /* Directory.swift */,
			);
			path = Storage;
			sourceTree = "<group>";
		};
		D6828FCD2BA0B6D200A40514 = {
			isa = PBXGroup;
			children = (
				D6828FD82BA0B6D200A40514 /* General */,
				D6828FD72BA0B6D200A40514 /* Products */,
				26767ECCE5FAFF49C4814126 /* Pods */,
				5921D462F637B90A7437417C /* Frameworks */,
			);
			sourceTree = "<group>";
		};
		D6828FD72BA0B6D200A40514 /* Products */ = {
			isa = PBXGroup;
			children = (
				D68290EA2BA0BC4A00A40514 /* libGeneral.a */,
			);
			name = Products;
			sourceTree = "<group>";
		};
		D6828FD82BA0B6D200A40514 /* General */ = {
			isa = PBXGroup;
			children = (
				D6828FEA2BA0B6D300A40514 /* Info.plist */,
				D6828FE22BA0B6D200A40514 /* General.xcdatamodeld */,
				D6DDF3E72BA0C0BA00816EBE /* Bridging-Header.h */,
				D65C20EE2BA18D56004E3316 /* tfWrap.h */,
				D65C211A2BA19B14004E3316 /* Storage */,
				D65C21192BA19AF5004E3316 /* Objects */,
				D65C21172BA19ABD004E3316 /* Extensions */,
				D65C21182BA19AD1004E3316 /* Utilities */,
				D6CEDDA42BA23590008A91CA /* Custom */,
			);
			path = General;
			sourceTree = "<group>";
		};
		D6CEDDA42BA23590008A91CA /* Custom */ = {
			isa = PBXGroup;
			children = (
				D6CEDDA52BA235B0008A91CA /* CircularProgressView.swift */,
			);
			path = Custom;
			sourceTree = "<group>";
		};
/* End PBXGroup section */

/* Begin PBXNativeTarget section */
		D68290E92BA0BC4A00A40514 /* General */ = {
			isa = PBXNativeTarget;
			buildConfigurationList = D68290EE2BA0BC4A00A40514 /* Build configuration list for PBXNativeTarget "General" */;
			buildPhases = (
				137D5E9ACE7BF9C3943CB8D7 /* [CP] Check Pods Manifest.lock */,
				D68290E62BA0BC4A00A40514 /* Sources */,
				D68290E72BA0BC4A00A40514 /* Frameworks */,
				D68290E82BA0BC4A00A40514 /* CopyFiles */,
			);
			buildRules = (
			);
			dependencies = (
			);
			name = General;
			productName = General;
			productReference = D68290EA2BA0BC4A00A40514 /* libGeneral.a */;
			productType = "com.apple.product-type.library.static";
		};
/* End PBXNativeTarget section */

/* Begin PBXProject section */
		D6828FCE2BA0B6D200A40514 /* Project object */ = {
			isa = PBXProject;
			attributes = {
				BuildIndependentTargetsInParallel = 1;
				LastSwiftUpdateCheck = 1530;
				LastUpgradeCheck = 1530;
				TargetAttributes = {
					D68290E92BA0BC4A00A40514 = {
						CreatedOnToolsVersion = 15.3;
					};
				};
			};
			buildConfigurationList = D6828FD12BA0B6D200A40514 /* Build configuration list for PBXProject "General" */;
			compatibilityVersion = "Xcode 14.0";
			developmentRegion = en;
			hasScannedForEncodings = 0;
			knownRegions = (
				en,
				Base,
			);
			mainGroup = D6828FCD2BA0B6D200A40514;
			productRefGroup = D6828FD72BA0B6D200A40514 /* Products */;
			projectDirPath = "";
			projectRoot = "";
			targets = (
				D68290E92BA0BC4A00A40514 /* General */,
			);
		};
/* End PBXProject section */

/* Begin PBXShellScriptBuildPhase section */
		137D5E9ACE7BF9C3943CB8D7 /* [CP] Check Pods Manifest.lock */ = {
			isa = PBXShellScriptBuildPhase;
			buildActionMask = 2147483647;
			files = (
			);
			inputFileListPaths = (
			);
			inputPaths = (
				"${PODS_PODFILE_DIR_PATH}/Podfile.lock",
				"${PODS_ROOT}/Manifest.lock",
			);
			name = "[CP] Check Pods Manifest.lock";
			outputFileListPaths = (
			);
			outputPaths = (
				"$(DERIVED_FILE_DIR)/Pods-General-checkManifestLockResult.txt",
			);
			runOnlyForDeploymentPostprocessing = 0;
			shellPath = /bin/sh;
			shellScript = "diff \"${PODS_PODFILE_DIR_PATH}/Podfile.lock\" \"${PODS_ROOT}/Manifest.lock\" > /dev/null\nif [ $? != 0 ] ; then\n    # print error to STDERR\n    echo \"error: The sandbox is not in sync with the Podfile.lock. Run 'pod install' or update your CocoaPods installation.\" >&2\n    exit 1\nfi\n# This output is used by Xcode 'outputs' to avoid re-running this script phase.\necho \"SUCCESS\" > \"${SCRIPT_OUTPUT_FILE_0}\"\n";
			showEnvVarsInLog = 0;
		};
/* End PBXShellScriptBuildPhase section */

/* Begin PBXSourcesBuildPhase section */
		D68290E62BA0BC4A00A40514 /* Sources */ = {
			isa = PBXSourcesBuildPhase;
			buildActionMask = 2147483647;
			files = (
				D6DDF3FA2BA0CD2500816EBE /* Bridging-Header.h in Sources */,
				D60C59E32BA20FE10051DB44 /* NFCTypeNameFormat.swift in Sources */,
				D65C20FF2BA192FE004E3316 /* FaceNet.swift in Sources */,
				D68290F82BA0BCA200A40514 /* Array.swift in Sources */,
				D68290F92BA0BCA200A40514 /* CGImage.swift in Sources */,
				D68290FA2BA0BCA200A40514 /* CIImage.swift in Sources */,
				D65C210E2BA19862004E3316 /* Firebase.swift in Sources */,
				D68290FB2BA0BCA200A40514 /* Date.swift in Sources */,
				D68290FC2BA0BCA200A40514 /* DateFormatter.swift in Sources */,
				D65C21102BA1988C004E3316 /* Vector.swift in Sources */,
				D68290FD2BA0BCA200A40514 /* Int.swift in Sources */,
				D68290FE2BA0BCA200A40514 /* Sequence.swift in Sources */,
				D65C20F62BA18FC9004E3316 /* Constant.swift in Sources */,
				D65C21082BA196B5004E3316 /* Student.swift in Sources */,
				D68290FF2BA0BCA200A40514 /* String.swift in Sources */,
				D60C59D92BA1F9EC0051DB44 /* Regex.swift in Sources */,
				D6DDF3E62BA0BE4700816EBE /* UIWindow.swift in Sources */,
				D65C21162BA198EE004E3316 /* Realm.swift in Sources */,
				D65C20F42BA18F51004E3316 /* KMeans.swift in Sources */,
				D65C210A2BA19733004E3316 /* Reachability.swift in Sources */,
				D65C21142BA198EE004E3316 /* Frame.swift in Sources */,
				D65C21022BA193C3004E3316 /* UIInterfaceOrientation.swift in Sources */,
				D68291002BA0BCA200A40514 /* UIDeviceOrientation.swift in Sources */,
				D68291012BA0BCA200A40514 /* UIImage.swift in Sources */,
				D68291022BA0BCA200A40514 /* UIView.swift in Sources */,
				D68291032BA0BCA200A40514 /* UIViewController.swift in Sources */,
				D6CEDDA62BA235B0008A91CA /* CircularProgressView.swift in Sources */,
				D68291042BA0BCA200A40514 /* UserDefaults.swift in Sources */,
				D65C210C2BA1974B004E3316 /* Directory.swift in Sources */,
				D699DF9B2BA573670016729E /* UISearchBar.swift in Sources */,
			);
			runOnlyForDeploymentPostprocessing = 0;
		};
/* End PBXSourcesBuildPhase section */

/* Begin XCBuildConfiguration section */
		D6828FEB2BA0B6D300A40514 /* Debug */ = {
			isa = XCBuildConfiguration;
			buildSettings = {
				ALWAYS_SEARCH_USER_PATHS = NO;
				ASSETCATALOG_COMPILER_GENERATE_SWIFT_ASSET_SYMBOL_EXTENSIONS = YES;
				CLANG_ANALYZER_NONNULL = YES;
				CLANG_ANALYZER_NUMBER_OBJECT_CONVERSION = YES_AGGRESSIVE;
				CLANG_CXX_LANGUAGE_STANDARD = "gnu++20";
				CLANG_ENABLE_MODULES = YES;
				CLANG_ENABLE_OBJC_ARC = YES;
				CLANG_ENABLE_OBJC_WEAK = YES;
				CLANG_WARN_BLOCK_CAPTURE_AUTORELEASING = YES;
				CLANG_WARN_BOOL_CONVERSION = YES;
				CLANG_WARN_COMMA = YES;
				CLANG_WARN_CONSTANT_CONVERSION = YES;
				CLANG_WARN_DEPRECATED_OBJC_IMPLEMENTATIONS = YES;
				CLANG_WARN_DIRECT_OBJC_ISA_USAGE = YES_ERROR;
				CLANG_WARN_DOCUMENTATION_COMMENTS = YES;
				CLANG_WARN_EMPTY_BODY = YES;
				CLANG_WARN_ENUM_CONVERSION = YES;
				CLANG_WARN_INFINITE_RECURSION = YES;
				CLANG_WARN_INT_CONVERSION = YES;
				CLANG_WARN_NON_LITERAL_NULL_CONVERSION = YES;
				CLANG_WARN_OBJC_IMPLICIT_RETAIN_SELF = YES;
				CLANG_WARN_OBJC_LITERAL_CONVERSION = YES;
				CLANG_WARN_OBJC_ROOT_CLASS = YES_ERROR;
				CLANG_WARN_QUOTED_INCLUDE_IN_FRAMEWORK_HEADER = YES;
				CLANG_WARN_RANGE_LOOP_ANALYSIS = YES;
				CLANG_WARN_STRICT_PROTOTYPES = YES;
				CLANG_WARN_SUSPICIOUS_MOVE = YES;
				CLANG_WARN_UNGUARDED_AVAILABILITY = YES_AGGRESSIVE;
				CLANG_WARN_UNREACHABLE_CODE = YES;
				CLANG_WARN__DUPLICATE_METHOD_MATCH = YES;
				COPY_PHASE_STRIP = NO;
				DEBUG_INFORMATION_FORMAT = dwarf;
				ENABLE_STRICT_OBJC_MSGSEND = YES;
				ENABLE_TESTABILITY = YES;
				ENABLE_USER_SCRIPT_SANDBOXING = YES;
				GCC_C_LANGUAGE_STANDARD = gnu17;
				GCC_DYNAMIC_NO_PIC = NO;
				GCC_NO_COMMON_BLOCKS = YES;
				GCC_OPTIMIZATION_LEVEL = 0;
				GCC_PREPROCESSOR_DEFINITIONS = (
					"DEBUG=1",
					"$(inherited)",
				);
				GCC_WARN_64_TO_32_BIT_CONVERSION = YES;
				GCC_WARN_ABOUT_RETURN_TYPE = YES_ERROR;
				GCC_WARN_UNDECLARED_SELECTOR = YES;
				GCC_WARN_UNINITIALIZED_AUTOS = YES_AGGRESSIVE;
				GCC_WARN_UNUSED_FUNCTION = YES;
				GCC_WARN_UNUSED_VARIABLE = YES;
				IPHONEOS_DEPLOYMENT_TARGET = 15.0;
				LOCALIZATION_PREFERS_STRING_CATALOGS = YES;
				MTL_ENABLE_DEBUG_INFO = INCLUDE_SOURCE;
				MTL_FAST_MATH = YES;
				ONLY_ACTIVE_ARCH = YES;
				SDKROOT = iphoneos;
				SWIFT_ACTIVE_COMPILATION_CONDITIONS = "DEBUG $(inherited)";
				SWIFT_OPTIMIZATION_LEVEL = "-Onone";
			};
			name = Debug;
		};
		D6828FEC2BA0B6D300A40514 /* Release */ = {
			isa = XCBuildConfiguration;
			buildSettings = {
				ALWAYS_SEARCH_USER_PATHS = NO;
				ASSETCATALOG_COMPILER_GENERATE_SWIFT_ASSET_SYMBOL_EXTENSIONS = YES;
				CLANG_ANALYZER_NONNULL = YES;
				CLANG_ANALYZER_NUMBER_OBJECT_CONVERSION = YES_AGGRESSIVE;
				CLANG_CXX_LANGUAGE_STANDARD = "gnu++20";
				CLANG_ENABLE_MODULES = YES;
				CLANG_ENABLE_OBJC_ARC = YES;
				CLANG_ENABLE_OBJC_WEAK = YES;
				CLANG_WARN_BLOCK_CAPTURE_AUTORELEASING = YES;
				CLANG_WARN_BOOL_CONVERSION = YES;
				CLANG_WARN_COMMA = YES;
				CLANG_WARN_CONSTANT_CONVERSION = YES;
				CLANG_WARN_DEPRECATED_OBJC_IMPLEMENTATIONS = YES;
				CLANG_WARN_DIRECT_OBJC_ISA_USAGE = YES_ERROR;
				CLANG_WARN_DOCUMENTATION_COMMENTS = YES;
				CLANG_WARN_EMPTY_BODY = YES;
				CLANG_WARN_ENUM_CONVERSION = YES;
				CLANG_WARN_INFINITE_RECURSION = YES;
				CLANG_WARN_INT_CONVERSION = YES;
				CLANG_WARN_NON_LITERAL_NULL_CONVERSION = YES;
				CLANG_WARN_OBJC_IMPLICIT_RETAIN_SELF = YES;
				CLANG_WARN_OBJC_LITERAL_CONVERSION = YES;
				CLANG_WARN_OBJC_ROOT_CLASS = YES_ERROR;
				CLANG_WARN_QUOTED_INCLUDE_IN_FRAMEWORK_HEADER = YES;
				CLANG_WARN_RANGE_LOOP_ANALYSIS = YES;
				CLANG_WARN_STRICT_PROTOTYPES = YES;
				CLANG_WARN_SUSPICIOUS_MOVE = YES;
				CLANG_WARN_UNGUARDED_AVAILABILITY = YES_AGGRESSIVE;
				CLANG_WARN_UNREACHABLE_CODE = YES;
				CLANG_WARN__DUPLICATE_METHOD_MATCH = YES;
				COPY_PHASE_STRIP = NO;
				DEBUG_INFORMATION_FORMAT = "dwarf-with-dsym";
				ENABLE_NS_ASSERTIONS = NO;
				ENABLE_STRICT_OBJC_MSGSEND = YES;
				ENABLE_USER_SCRIPT_SANDBOXING = YES;
				GCC_C_LANGUAGE_STANDARD = gnu17;
				GCC_NO_COMMON_BLOCKS = YES;
				GCC_WARN_64_TO_32_BIT_CONVERSION = YES;
				GCC_WARN_ABOUT_RETURN_TYPE = YES_ERROR;
				GCC_WARN_UNDECLARED_SELECTOR = YES;
				GCC_WARN_UNINITIALIZED_AUTOS = YES_AGGRESSIVE;
				GCC_WARN_UNUSED_FUNCTION = YES;
				GCC_WARN_UNUSED_VARIABLE = YES;
				IPHONEOS_DEPLOYMENT_TARGET = 15.0;
				LOCALIZATION_PREFERS_STRING_CATALOGS = YES;
				MTL_ENABLE_DEBUG_INFO = NO;
				MTL_FAST_MATH = YES;
				SDKROOT = iphoneos;
				SWIFT_COMPILATION_MODE = wholemodule;
				VALIDATE_PRODUCT = YES;
			};
			name = Release;
		};
		D68290EF2BA0BC4A00A40514 /* Debug */ = {
			isa = XCBuildConfiguration;
			baseConfigurationReference = 31BECCE77CCBAAE75BC5B3FB /* Pods-General.debug.xcconfig */;
			buildSettings = {
				CODE_SIGN_STYLE = Automatic;
				DEVELOPMENT_TEAM = RY8386429N;
				IPHONEOS_DEPLOYMENT_TARGET = 15.0;
				OTHER_LDFLAGS = "-ObjC";
				PRODUCT_NAME = "$(TARGET_NAME)";
				SKIP_INSTALL = YES;
				SWIFT_OBJC_BRIDGING_HEADER = "$(SRCROOT)/General/Bridging-Header.h";
				SWIFT_VERSION = 5.0;
				TARGETED_DEVICE_FAMILY = "1,2";
			};
			name = Debug;
		};
		D68290F02BA0BC4A00A40514 /* Release */ = {
			isa = XCBuildConfiguration;
			baseConfigurationReference = 03BD0793F9F02D4DE3FD849D /* Pods-General.release.xcconfig */;
			buildSettings = {
				CODE_SIGN_STYLE = Automatic;
				DEVELOPMENT_TEAM = RY8386429N;
				IPHONEOS_DEPLOYMENT_TARGET = 15.0;
				OTHER_LDFLAGS = "-ObjC";
				PRODUCT_NAME = "$(TARGET_NAME)";
				SKIP_INSTALL = YES;
				SWIFT_OBJC_BRIDGING_HEADER = "$(SRCROOT)/General/Bridging-Header.h";
				SWIFT_VERSION = 5.0;
				TARGETED_DEVICE_FAMILY = "1,2";
			};
			name = Release;
		};
/* End XCBuildConfiguration section */

/* Begin XCConfigurationList section */
		D6828FD12BA0B6D200A40514 /* Build configuration list for PBXProject "General" */ = {
			isa = XCConfigurationList;
			buildConfigurations = (
				D6828FEB2BA0B6D300A40514 /* Debug */,
				D6828FEC2BA0B6D300A40514 /* Release */,
			);
			defaultConfigurationIsVisible = 0;
			defaultConfigurationName = Release;
		};
		D68290EE2BA0BC4A00A40514 /* Build configuration list for PBXNativeTarget "General" */ = {
			isa = XCConfigurationList;
			buildConfigurations = (
				D68290EF2BA0BC4A00A40514 /* Debug */,
				D68290F02BA0BC4A00A40514 /* Release */,
			);
			defaultConfigurationIsVisible = 0;
			defaultConfigurationName = Release;
		};
/* End XCConfigurationList section */

/* Begin XCVersionGroup section */
		D6828FE22BA0B6D200A40514 /* General.xcdatamodeld */ = {
			isa = XCVersionGroup;
			children = (
				D6828FE32BA0B6D200A40514 /* General.xcdatamodel */,
			);
			currentVersion = D6828FE32BA0B6D200A40514 /* General.xcdatamodel */;
			path = General.xcdatamodeld;
			sourceTree = "<group>";
			versionGroupType = wrapper.xcdatamodel;
		};
/* End XCVersionGroup section */
	};
	rootObject = D6828FCE2BA0B6D200A40514 /* Project object */;
}
